// !$*UTF8*$!
{
	archiveVersion = 1;
	classes = {
	};
	objectVersion = 56;
	objects = {

/* Begin PBXBuildFile section */
		85F8194DF0F36B04A4266321 /* Pods_Guest_list_synch_with_desktop.framework in Frameworks */ = {isa = PBXBuildFile; fileRef = D52A021128A9EC9AE584241D /* Pods_Guest_list_synch_with_desktop.framework */; };
		8A0E9B6F29101F7900DBF883 /* AuthenticationSemaphore.swift in Sources */ = {isa = PBXBuildFile; fileRef = 8A0E9B6E29101F7900DBF883 /* AuthenticationSemaphore.swift */; };
		8A0E9B7129101F8200DBF883 /* AuthInteractor.swift in Sources */ = {isa = PBXBuildFile; fileRef = 8A0E9B7029101F8200DBF883 /* AuthInteractor.swift */; };
		8A0E9B7329101F9700DBF883 /* AuthPresenter.swift in Sources */ = {isa = PBXBuildFile; fileRef = 8A0E9B7229101F9700DBF883 /* AuthPresenter.swift */; };
		8A0E9B7829101FA000DBF883 /* AuthViewController.swift in Sources */ = {isa = PBXBuildFile; fileRef = 8A0E9B7429101F9E00DBF883 /* AuthViewController.swift */; };
		8A0E9B7929101FA000DBF883 /* SignInModalView.swift in Sources */ = {isa = PBXBuildFile; fileRef = 8A0E9B7529101F9F00DBF883 /* SignInModalView.swift */; };
		8A0E9B7A29101FA000DBF883 /* FirebaseRegistrationModalView.swift in Sources */ = {isa = PBXBuildFile; fileRef = 8A0E9B7629101F9F00DBF883 /* FirebaseRegistrationModalView.swift */; };
		8A0E9B7B29101FA000DBF883 /* PasswordModalView.swift in Sources */ = {isa = PBXBuildFile; fileRef = 8A0E9B7729101FA000DBF883 /* PasswordModalView.swift */; };
		8A0E9B7F29101FDA00DBF883 /* EventEntity.swift in Sources */ = {isa = PBXBuildFile; fileRef = 8A0E9B7E29101FDA00DBF883 /* EventEntity.swift */; };
		8A0E9B8129101FE100DBF883 /* EventsListInteractor.swift in Sources */ = {isa = PBXBuildFile; fileRef = 8A0E9B8029101FE100DBF883 /* EventsListInteractor.swift */; };
		8A0E9B8329101FE800DBF883 /* EventsListPresenter.swift in Sources */ = {isa = PBXBuildFile; fileRef = 8A0E9B8229101FE800DBF883 /* EventsListPresenter.swift */; };
		8A0E9B8629101FEF00DBF883 /* EventsListViewController.swift in Sources */ = {isa = PBXBuildFile; fileRef = 8A0E9B8429101FEF00DBF883 /* EventsListViewController.swift */; };
		8A0E9B8729101FEF00DBF883 /* EventTableViewCell.swift in Sources */ = {isa = PBXBuildFile; fileRef = 8A0E9B8529101FEF00DBF883 /* EventTableViewCell.swift */; };
		8A0E9B892910200300DBF883 /* GuestEntity.swift in Sources */ = {isa = PBXBuildFile; fileRef = 8A0E9B882910200300DBF883 /* GuestEntity.swift */; };
		8A0E9B8E2910210200DBF883 /* ProfileViewController.swift in Sources */ = {isa = PBXBuildFile; fileRef = 8A0E9B8D2910210200DBF883 /* ProfileViewController.swift */; };
		8A0E9B902910212800DBF883 /* ProfilePresenter.swift in Sources */ = {isa = PBXBuildFile; fileRef = 8A0E9B8F2910212800DBF883 /* ProfilePresenter.swift */; };
		8A0E9B922910214200DBF883 /* ProfileInteractor.swift in Sources */ = {isa = PBXBuildFile; fileRef = 8A0E9B912910214200DBF883 /* ProfileInteractor.swift */; };
		8A0E9B992911983E00DBF883 /* GuestlistViewController.swift in Sources */ = {isa = PBXBuildFile; fileRef = 8A0E9B982911983D00DBF883 /* GuestlistViewController.swift */; };
		8A0E9B9B2911985D00DBF883 /* GuestlistPresenter.swift in Sources */ = {isa = PBXBuildFile; fileRef = 8A0E9B9A2911985D00DBF883 /* GuestlistPresenter.swift */; };
		8A0E9B9D2911986F00DBF883 /* GuestlistInteractor.swift in Sources */ = {isa = PBXBuildFile; fileRef = 8A0E9B9C2911986F00DBF883 /* GuestlistInteractor.swift */; };
		8A0E9B9F2912A05B00DBF883 /* GuestTableViewCell.swift in Sources */ = {isa = PBXBuildFile; fileRef = 8A0E9B9E2912A05A00DBF883 /* GuestTableViewCell.swift */; };
		8A1AD3812914061200312DD8 /* AddModifyOneGuestPresenter.swift in Sources */ = {isa = PBXBuildFile; fileRef = 8A1AD3802914061200312DD8 /* AddModifyOneGuestPresenter.swift */; };
		8A1AD3832914061F00312DD8 /* AddModifyOneGuestInteractor.swift in Sources */ = {isa = PBXBuildFile; fileRef = 8A1AD3822914061F00312DD8 /* AddModifyOneGuestInteractor.swift */; };
		8A4F444E2914159400594A3C /* AddModifyGuestViewController.swift in Sources */ = {isa = PBXBuildFile; fileRef = 8A4F444C2914159400594A3C /* AddModifyGuestViewController.swift */; };
		8A4F444F2914159400594A3C /* AddModifyGuestViewController.xib in Resources */ = {isa = PBXBuildFile; fileRef = 8A4F444D2914159400594A3C /* AddModifyGuestViewController.xib */; };
		8A54CE2B290C177900ADAB45 /* UserEntity.swift in Sources */ = {isa = PBXBuildFile; fileRef = 8A54CE2A290C177900ADAB45 /* UserEntity.swift */; };
		8A54CE2E290C3E2F00ADAB45 /* SupportingUserEntity.swift in Sources */ = {isa = PBXBuildFile; fileRef = 8A54CE2D290C3E2F00ADAB45 /* SupportingUserEntity.swift */; };
		8A54CE32290C893D00ADAB45 /* RealmService.swift in Sources */ = {isa = PBXBuildFile; fileRef = 8A54CE31290C893D00ADAB45 /* RealmService.swift */; };
		8A54CE34290C894F00ADAB45 /* FirebaseDatabaseService.swift in Sources */ = {isa = PBXBuildFile; fileRef = 8A54CE33290C894F00ADAB45 /* FirebaseDatabaseService.swift */; };
		8A5AFE38291E93F500449C51 /* FirebaseDatabaseSemaphore.swift in Sources */ = {isa = PBXBuildFile; fileRef = 8A5AFE37291E93F500449C51 /* FirebaseDatabaseSemaphore.swift */; };
		8A7E93072907F78B005E5B33 /* BottomSheet in Frameworks */ = {isa = PBXBuildFile; productRef = 8A7E93062907F78B005E5B33 /* BottomSheet */; };
		8A7E9309290AC2AB005E5B33 /* GoogleSpreadsheetsService.swift in Sources */ = {isa = PBXBuildFile; fileRef = 8A7E9308290AC2AB005E5B33 /* GoogleSpreadsheetsService.swift */; };
		8AC4BEF9291946C1005A6B1E /* FinishFbGRegistrationModalView.swift in Sources */ = {isa = PBXBuildFile; fileRef = 8AC4BEF8291946C1005A6B1E /* FinishFbGRegistrationModalView.swift */; };
		8ACB2D34291447BC009AE476 /* AlertsFactory.swift in Sources */ = {isa = PBXBuildFile; fileRef = 8ACB2D33291447BC009AE476 /* AlertsFactory.swift */; };
		8AF83E8F2906655100614257 /* AppDelegate.swift in Sources */ = {isa = PBXBuildFile; fileRef = 8AF83E8E2906655100614257 /* AppDelegate.swift */; };
		8AF83E912906655100614257 /* SceneDelegate.swift in Sources */ = {isa = PBXBuildFile; fileRef = 8AF83E902906655100614257 /* SceneDelegate.swift */; };
		8AF83E962906655100614257 /* Main.storyboard in Resources */ = {isa = PBXBuildFile; fileRef = 8AF83E942906655100614257 /* Main.storyboard */; };
		8AF83E982906655300614257 /* Assets.xcassets in Resources */ = {isa = PBXBuildFile; fileRef = 8AF83E972906655300614257 /* Assets.xcassets */; };
		8AF83E9B2906655300614257 /* LaunchScreen.storyboard in Resources */ = {isa = PBXBuildFile; fileRef = 8AF83E992906655300614257 /* LaunchScreen.storyboard */; };
		8AF83EA32906666400614257 /* GoogleService-Info.plist in Resources */ = {isa = PBXBuildFile; fileRef = 8AF83EA22906666300614257 /* GoogleService-Info.plist */; };
		8AF83EA829066B9E00614257 /* Appearance.swift in Sources */ = {isa = PBXBuildFile; fileRef = 8AF83EA729066B9E00614257 /* Appearance.swift */; };
		8AF83EAA29066BBC00614257 /* LD Grotesk Condensed Bold.ttf in Resources */ = {isa = PBXBuildFile; fileRef = 8AF83EA929066BBC00614257 /* LD Grotesk Condensed Bold.ttf */; };
		8AF83EAC29066BC700614257 /* Helvetica Bold.ttf in Resources */ = {isa = PBXBuildFile; fileRef = 8AF83EAB29066BC700614257 /* Helvetica Bold.ttf */; };
		8AF83EAE29066BCE00614257 /* LD Grotesk Condensed Ultra Light Oblique.ttf in Resources */ = {isa = PBXBuildFile; fileRef = 8AF83EAD29066BCE00614257 /* LD Grotesk Condensed Ultra Light Oblique.ttf */; };
		8AF83EB329066D0400614257 /* NetworkService.swift in Sources */ = {isa = PBXBuildFile; fileRef = 8AF83EB229066D0400614257 /* NetworkService.swift */; };
		8AF83EB529066D1700614257 /* FirebaseService.swift in Sources */ = {isa = PBXBuildFile; fileRef = 8AF83EB429066D1700614257 /* FirebaseService.swift */; };
		8AF83ED22906712600614257 /* Router.swift in Sources */ = {isa = PBXBuildFile; fileRef = 8AF83ED12906712600614257 /* Router.swift */; };
		8AF83ED42906713D00614257 /* AssemblyModuleBuilder.swift in Sources */ = {isa = PBXBuildFile; fileRef = 8AF83ED32906713D00614257 /* AssemblyModuleBuilder.swift */; };
/* End PBXBuildFile section */

/* Begin PBXFileReference section */
		602EC839998C20EACDDCA890 /* Pods-Guest list synch with desktop.debug.xcconfig */ = {isa = PBXFileReference; includeInIndex = 1; lastKnownFileType = text.xcconfig; name = "Pods-Guest list synch with desktop.debug.xcconfig"; path = "Target Support Files/Pods-Guest list synch with desktop/Pods-Guest list synch with desktop.debug.xcconfig"; sourceTree = "<group>"; };
		8A0E9B6E29101F7900DBF883 /* AuthenticationSemaphore.swift */ = {isa = PBXFileReference; fileEncoding = 4; lastKnownFileType = sourcecode.swift; path = AuthenticationSemaphore.swift; sourceTree = "<group>"; };
		8A0E9B7029101F8200DBF883 /* AuthInteractor.swift */ = {isa = PBXFileReference; fileEncoding = 4; lastKnownFileType = sourcecode.swift; path = AuthInteractor.swift; sourceTree = "<group>"; };
		8A0E9B7229101F9700DBF883 /* AuthPresenter.swift */ = {isa = PBXFileReference; fileEncoding = 4; lastKnownFileType = sourcecode.swift; path = AuthPresenter.swift; sourceTree = "<group>"; };
		8A0E9B7429101F9E00DBF883 /* AuthViewController.swift */ = {isa = PBXFileReference; fileEncoding = 4; lastKnownFileType = sourcecode.swift; path = AuthViewController.swift; sourceTree = "<group>"; };
		8A0E9B7529101F9F00DBF883 /* SignInModalView.swift */ = {isa = PBXFileReference; fileEncoding = 4; lastKnownFileType = sourcecode.swift; path = SignInModalView.swift; sourceTree = "<group>"; };
		8A0E9B7629101F9F00DBF883 /* FirebaseRegistrationModalView.swift */ = {isa = PBXFileReference; fileEncoding = 4; lastKnownFileType = sourcecode.swift; path = FirebaseRegistrationModalView.swift; sourceTree = "<group>"; };
		8A0E9B7729101FA000DBF883 /* PasswordModalView.swift */ = {isa = PBXFileReference; fileEncoding = 4; lastKnownFileType = sourcecode.swift; path = PasswordModalView.swift; sourceTree = "<group>"; };
		8A0E9B7E29101FDA00DBF883 /* EventEntity.swift */ = {isa = PBXFileReference; fileEncoding = 4; lastKnownFileType = sourcecode.swift; path = EventEntity.swift; sourceTree = "<group>"; };
		8A0E9B8029101FE100DBF883 /* EventsListInteractor.swift */ = {isa = PBXFileReference; fileEncoding = 4; lastKnownFileType = sourcecode.swift; path = EventsListInteractor.swift; sourceTree = "<group>"; };
		8A0E9B8229101FE800DBF883 /* EventsListPresenter.swift */ = {isa = PBXFileReference; fileEncoding = 4; lastKnownFileType = sourcecode.swift; path = EventsListPresenter.swift; sourceTree = "<group>"; };
		8A0E9B8429101FEF00DBF883 /* EventsListViewController.swift */ = {isa = PBXFileReference; fileEncoding = 4; lastKnownFileType = sourcecode.swift; path = EventsListViewController.swift; sourceTree = "<group>"; };
		8A0E9B8529101FEF00DBF883 /* EventTableViewCell.swift */ = {isa = PBXFileReference; fileEncoding = 4; lastKnownFileType = sourcecode.swift; path = EventTableViewCell.swift; sourceTree = "<group>"; };
		8A0E9B882910200300DBF883 /* GuestEntity.swift */ = {isa = PBXFileReference; fileEncoding = 4; lastKnownFileType = sourcecode.swift; path = GuestEntity.swift; sourceTree = "<group>"; };
		8A0E9B8D2910210200DBF883 /* ProfileViewController.swift */ = {isa = PBXFileReference; lastKnownFileType = sourcecode.swift; path = ProfileViewController.swift; sourceTree = "<group>"; };
		8A0E9B8F2910212800DBF883 /* ProfilePresenter.swift */ = {isa = PBXFileReference; lastKnownFileType = sourcecode.swift; path = ProfilePresenter.swift; sourceTree = "<group>"; };
		8A0E9B912910214200DBF883 /* ProfileInteractor.swift */ = {isa = PBXFileReference; lastKnownFileType = sourcecode.swift; path = ProfileInteractor.swift; sourceTree = "<group>"; };
		8A0E9B982911983D00DBF883 /* GuestlistViewController.swift */ = {isa = PBXFileReference; lastKnownFileType = sourcecode.swift; path = GuestlistViewController.swift; sourceTree = "<group>"; };
		8A0E9B9A2911985D00DBF883 /* GuestlistPresenter.swift */ = {isa = PBXFileReference; lastKnownFileType = sourcecode.swift; path = GuestlistPresenter.swift; sourceTree = "<group>"; };
		8A0E9B9C2911986F00DBF883 /* GuestlistInteractor.swift */ = {isa = PBXFileReference; lastKnownFileType = sourcecode.swift; path = GuestlistInteractor.swift; sourceTree = "<group>"; };
		8A0E9B9E2912A05A00DBF883 /* GuestTableViewCell.swift */ = {isa = PBXFileReference; lastKnownFileType = sourcecode.swift; path = GuestTableViewCell.swift; sourceTree = "<group>"; };
		8A1AD3802914061200312DD8 /* AddModifyOneGuestPresenter.swift */ = {isa = PBXFileReference; lastKnownFileType = sourcecode.swift; path = AddModifyOneGuestPresenter.swift; sourceTree = "<group>"; };
		8A1AD3822914061F00312DD8 /* AddModifyOneGuestInteractor.swift */ = {isa = PBXFileReference; lastKnownFileType = sourcecode.swift; path = AddModifyOneGuestInteractor.swift; sourceTree = "<group>"; };
		8A4F444C2914159400594A3C /* AddModifyGuestViewController.swift */ = {isa = PBXFileReference; lastKnownFileType = sourcecode.swift; path = AddModifyGuestViewController.swift; sourceTree = "<group>"; };
		8A4F444D2914159400594A3C /* AddModifyGuestViewController.xib */ = {isa = PBXFileReference; lastKnownFileType = file.xib; path = AddModifyGuestViewController.xib; sourceTree = "<group>"; };
		8A54CE2A290C177900ADAB45 /* UserEntity.swift */ = {isa = PBXFileReference; lastKnownFileType = sourcecode.swift; path = UserEntity.swift; sourceTree = "<group>"; };
		8A54CE2D290C3E2F00ADAB45 /* SupportingUserEntity.swift */ = {isa = PBXFileReference; lastKnownFileType = sourcecode.swift; path = SupportingUserEntity.swift; sourceTree = "<group>"; };
		8A54CE31290C893D00ADAB45 /* RealmService.swift */ = {isa = PBXFileReference; lastKnownFileType = sourcecode.swift; path = RealmService.swift; sourceTree = "<group>"; };
		8A54CE33290C894F00ADAB45 /* FirebaseDatabaseService.swift */ = {isa = PBXFileReference; lastKnownFileType = sourcecode.swift; path = FirebaseDatabaseService.swift; sourceTree = "<group>"; };
		8A5AFE37291E93F500449C51 /* FirebaseDatabaseSemaphore.swift */ = {isa = PBXFileReference; lastKnownFileType = sourcecode.swift; path = FirebaseDatabaseSemaphore.swift; sourceTree = "<group>"; };
		8A7E9308290AC2AB005E5B33 /* GoogleSpreadsheetsService.swift */ = {isa = PBXFileReference; lastKnownFileType = sourcecode.swift; path = GoogleSpreadsheetsService.swift; sourceTree = "<group>"; };
		8AC4BEF8291946C1005A6B1E /* FinishFbGRegistrationModalView.swift */ = {isa = PBXFileReference; lastKnownFileType = sourcecode.swift; path = FinishFbGRegistrationModalView.swift; sourceTree = "<group>"; };
		8ACB2D33291447BC009AE476 /* AlertsFactory.swift */ = {isa = PBXFileReference; lastKnownFileType = sourcecode.swift; path = AlertsFactory.swift; sourceTree = "<group>"; };
		8AF83E8B2906655100614257 /* Guest list synch with desktop.app */ = {isa = PBXFileReference; explicitFileType = wrapper.application; includeInIndex = 0; path = "Guest list synch with desktop.app"; sourceTree = BUILT_PRODUCTS_DIR; };
		8AF83E8E2906655100614257 /* AppDelegate.swift */ = {isa = PBXFileReference; lastKnownFileType = sourcecode.swift; path = AppDelegate.swift; sourceTree = "<group>"; };
		8AF83E902906655100614257 /* SceneDelegate.swift */ = {isa = PBXFileReference; lastKnownFileType = sourcecode.swift; path = SceneDelegate.swift; sourceTree = "<group>"; };
		8AF83E952906655100614257 /* Base */ = {isa = PBXFileReference; lastKnownFileType = file.storyboard; name = Base; path = Base.lproj/Main.storyboard; sourceTree = "<group>"; };
		8AF83E972906655300614257 /* Assets.xcassets */ = {isa = PBXFileReference; lastKnownFileType = folder.assetcatalog; path = Assets.xcassets; sourceTree = "<group>"; };
		8AF83E9A2906655300614257 /* Base */ = {isa = PBXFileReference; lastKnownFileType = file.storyboard; name = Base; path = Base.lproj/LaunchScreen.storyboard; sourceTree = "<group>"; };
		8AF83E9C2906655300614257 /* Info.plist */ = {isa = PBXFileReference; lastKnownFileType = text.plist.xml; path = Info.plist; sourceTree = "<group>"; };
		8AF83EA22906666300614257 /* GoogleService-Info.plist */ = {isa = PBXFileReference; fileEncoding = 4; lastKnownFileType = text.plist.xml; path = "GoogleService-Info.plist"; sourceTree = "<group>"; };
		8AF83EA729066B9E00614257 /* Appearance.swift */ = {isa = PBXFileReference; lastKnownFileType = sourcecode.swift; path = Appearance.swift; sourceTree = "<group>"; };
		8AF83EA929066BBC00614257 /* LD Grotesk Condensed Bold.ttf */ = {isa = PBXFileReference; lastKnownFileType = file; path = "LD Grotesk Condensed Bold.ttf"; sourceTree = "<group>"; };
		8AF83EAB29066BC700614257 /* Helvetica Bold.ttf */ = {isa = PBXFileReference; lastKnownFileType = file; path = "Helvetica Bold.ttf"; sourceTree = "<group>"; };
		8AF83EAD29066BCE00614257 /* LD Grotesk Condensed Ultra Light Oblique.ttf */ = {isa = PBXFileReference; lastKnownFileType = file; path = "LD Grotesk Condensed Ultra Light Oblique.ttf"; sourceTree = "<group>"; };
		8AF83EB229066D0400614257 /* NetworkService.swift */ = {isa = PBXFileReference; lastKnownFileType = sourcecode.swift; path = NetworkService.swift; sourceTree = "<group>"; };
		8AF83EB429066D1700614257 /* FirebaseService.swift */ = {isa = PBXFileReference; lastKnownFileType = sourcecode.swift; path = FirebaseService.swift; sourceTree = "<group>"; };
		8AF83ED12906712600614257 /* Router.swift */ = {isa = PBXFileReference; lastKnownFileType = sourcecode.swift; path = Router.swift; sourceTree = "<group>"; };
		8AF83ED32906713D00614257 /* AssemblyModuleBuilder.swift */ = {isa = PBXFileReference; lastKnownFileType = sourcecode.swift; path = AssemblyModuleBuilder.swift; sourceTree = "<group>"; };
		D52A021128A9EC9AE584241D /* Pods_Guest_list_synch_with_desktop.framework */ = {isa = PBXFileReference; explicitFileType = wrapper.framework; includeInIndex = 0; path = Pods_Guest_list_synch_with_desktop.framework; sourceTree = BUILT_PRODUCTS_DIR; };
		D5342747FC15514447282D14 /* Pods-Guest list synch with desktop.release.xcconfig */ = {isa = PBXFileReference; includeInIndex = 1; lastKnownFileType = text.xcconfig; name = "Pods-Guest list synch with desktop.release.xcconfig"; path = "Target Support Files/Pods-Guest list synch with desktop/Pods-Guest list synch with desktop.release.xcconfig"; sourceTree = "<group>"; };
/* End PBXFileReference section */

/* Begin PBXFrameworksBuildPhase section */
		8AF83E882906655100614257 /* Frameworks */ = {
			isa = PBXFrameworksBuildPhase;
			buildActionMask = 2147483647;
			files = (
				85F8194DF0F36B04A4266321 /* Pods_Guest_list_synch_with_desktop.framework in Frameworks */,
				8A7E93072907F78B005E5B33 /* BottomSheet in Frameworks */,
			);
			runOnlyForDeploymentPostprocessing = 0;
		};
/* End PBXFrameworksBuildPhase section */

/* Begin PBXGroup section */
		8A0E9B4629101D7C00DBF883 /* Modules */ = {
			isa = PBXGroup;
			children = (
				8A0E9B4729101D8A00DBF883 /* AuthModule */,
				8A0E9B5929101E0C00DBF883 /* EventsListModule */,
				8A1AD3742914049C00312DD8 /* AddModifyEventModule */,
				8A0E9B6A29101E5000DBF883 /* GuestsListModule */,
				8A1AD3722914047A00312DD8 /* OneGuestModule */,
				8A1AD3732914048900312DD8 /* AddModifyOneGuestModule */,
				8A0E9B6D29101E6400DBF883 /* ProfileModule */,
			);
			path = Modules;
			sourceTree = "<group>";
		};
		8A0E9B4729101D8A00DBF883 /* AuthModule */ = {
			isa = PBXGroup;
			children = (
				8A0E9B6E29101F7900DBF883 /* AuthenticationSemaphore.swift */,
				8A0E9B5629101DDB00DBF883 /* Interactor */,
				8A0E9B5329101DC700DBF883 /* Presenter */,
				8A0E9B4A29101DA800DBF883 /* View */,
			);
			path = AuthModule;
			sourceTree = "<group>";
		};
		8A0E9B4A29101DA800DBF883 /* View */ = {
			isa = PBXGroup;
			children = (
				8A0E9B7429101F9E00DBF883 /* AuthViewController.swift */,
				8A0E9B7529101F9F00DBF883 /* SignInModalView.swift */,
				8A0E9B7729101FA000DBF883 /* PasswordModalView.swift */,
				8A0E9B7629101F9F00DBF883 /* FirebaseRegistrationModalView.swift */,
				8AC4BEF8291946C1005A6B1E /* FinishFbGRegistrationModalView.swift */,
			);
			path = View;
			sourceTree = "<group>";
		};
		8A0E9B5329101DC700DBF883 /* Presenter */ = {
			isa = PBXGroup;
			children = (
				8A0E9B7229101F9700DBF883 /* AuthPresenter.swift */,
			);
			path = Presenter;
			sourceTree = "<group>";
		};
		8A0E9B5629101DDB00DBF883 /* Interactor */ = {
			isa = PBXGroup;
			children = (
				8A0E9B7029101F8200DBF883 /* AuthInteractor.swift */,
			);
			path = Interactor;
			sourceTree = "<group>";
		};
		8A0E9B5929101E0C00DBF883 /* EventsListModule */ = {
			isa = PBXGroup;
			children = (
				8A0E9B5C29101E1F00DBF883 /* Interactor */,
				8A0E9B5B29101E1B00DBF883 /* Presenter */,
				8A0E9B5A29101E1700DBF883 /* View */,
			);
			path = EventsListModule;
			sourceTree = "<group>";
		};
		8A0E9B5A29101E1700DBF883 /* View */ = {
			isa = PBXGroup;
			children = (
				8A0E9B8429101FEF00DBF883 /* EventsListViewController.swift */,
				8A0E9B8529101FEF00DBF883 /* EventTableViewCell.swift */,
			);
			path = View;
			sourceTree = "<group>";
		};
		8A0E9B5B29101E1B00DBF883 /* Presenter */ = {
			isa = PBXGroup;
			children = (
				8A0E9B8229101FE800DBF883 /* EventsListPresenter.swift */,
			);
			path = Presenter;
			sourceTree = "<group>";
		};
		8A0E9B5C29101E1F00DBF883 /* Interactor */ = {
			isa = PBXGroup;
			children = (
				8A0E9B8029101FE100DBF883 /* EventsListInteractor.swift */,
			);
			path = Interactor;
			sourceTree = "<group>";
		};
		8A0E9B5D29101E2400DBF883 /* EventEntity */ = {
			isa = PBXGroup;
			children = (
				8A0E9B7E29101FDA00DBF883 /* EventEntity.swift */,
			);
			path = EventEntity;
			sourceTree = "<group>";
		};
		8A0E9B6A29101E5000DBF883 /* GuestsListModule */ = {
			isa = PBXGroup;
			children = (
				8A0E9B972911981E00DBF883 /* Interactor */,
				8A0E9B962911981700DBF883 /* Presenter */,
				8A0E9B952911980C00DBF883 /* View */,
			);
			path = GuestsListModule;
			sourceTree = "<group>";
		};
		8A0E9B6D29101E6400DBF883 /* ProfileModule */ = {
			isa = PBXGroup;
			children = (
				8A0E9B8C2910208500DBF883 /* Interactor */,
				8A0E9B8B2910208000DBF883 /* Presenter */,
				8A0E9B8A2910207700DBF883 /* View */,
			);
			path = ProfileModule;
			sourceTree = "<group>";
		};
		8A0E9B8A2910207700DBF883 /* View */ = {
			isa = PBXGroup;
			children = (
				8A0E9B8D2910210200DBF883 /* ProfileViewController.swift */,
			);
			path = View;
			sourceTree = "<group>";
		};
		8A0E9B8B2910208000DBF883 /* Presenter */ = {
			isa = PBXGroup;
			children = (
				8A0E9B8F2910212800DBF883 /* ProfilePresenter.swift */,
			);
			path = Presenter;
			sourceTree = "<group>";
		};
		8A0E9B8C2910208500DBF883 /* Interactor */ = {
			isa = PBXGroup;
			children = (
				8A0E9B912910214200DBF883 /* ProfileInteractor.swift */,
			);
			path = Interactor;
			sourceTree = "<group>";
		};
		8A0E9B9329102CF000DBF883 /* GuestEntity */ = {
			isa = PBXGroup;
			children = (
				8A0E9B882910200300DBF883 /* GuestEntity.swift */,
			);
			path = GuestEntity;
			sourceTree = "<group>";
		};
		8A0E9B9429102CFE00DBF883 /* Entities */ = {
			isa = PBXGroup;
			children = (
				8A0E9B9329102CF000DBF883 /* GuestEntity */,
				8A0E9B5D29101E2400DBF883 /* EventEntity */,
				8A54CE29290C176900ADAB45 /* UserEntity */,
			);
			path = Entities;
			sourceTree = "<group>";
		};
		8A0E9B952911980C00DBF883 /* View */ = {
			isa = PBXGroup;
			children = (
				8A0E9B982911983D00DBF883 /* GuestlistViewController.swift */,
				8A0E9B9E2912A05A00DBF883 /* GuestTableViewCell.swift */,
			);
			path = View;
			sourceTree = "<group>";
		};
		8A0E9B962911981700DBF883 /* Presenter */ = {
			isa = PBXGroup;
			children = (
				8A0E9B9A2911985D00DBF883 /* GuestlistPresenter.swift */,
			);
			path = Presenter;
			sourceTree = "<group>";
		};
		8A0E9B972911981E00DBF883 /* Interactor */ = {
			isa = PBXGroup;
			children = (
				8A0E9B9C2911986F00DBF883 /* GuestlistInteractor.swift */,
			);
			path = Interactor;
			sourceTree = "<group>";
		};
		8A1AD3722914047A00312DD8 /* OneGuestModule */ = {
			isa = PBXGroup;
			children = (
				8A1AD37A291404CA00312DD8 /* Interactor */,
				8A1AD379291404C300312DD8 /* Presenter */,
				8A1AD378291404BE00312DD8 /* View */,
			);
			path = OneGuestModule;
			sourceTree = "<group>";
		};
		8A1AD3732914048900312DD8 /* AddModifyOneGuestModule */ = {
			isa = PBXGroup;
			children = (
				8A1AD38429140F2E00312DD8 /* Interactor */,
				8A1AD38529140F3700312DD8 /* Presenter */,
				8A1AD38629140F4000312DD8 /* View */,
			);
			path = AddModifyOneGuestModule;
			sourceTree = "<group>";
		};
		8A1AD3742914049C00312DD8 /* AddModifyEventModule */ = {
			isa = PBXGroup;
			children = (
				8A1AD377291404B200312DD8 /* Interactor */,
				8A1AD376291404AD00312DD8 /* Presenter */,
				8A1AD375291404A900312DD8 /* View */,
			);
			path = AddModifyEventModule;
			sourceTree = "<group>";
		};
		8A1AD375291404A900312DD8 /* View */ = {
			isa = PBXGroup;
			children = (
			);
			path = View;
			sourceTree = "<group>";
		};
		8A1AD376291404AD00312DD8 /* Presenter */ = {
			isa = PBXGroup;
			children = (
			);
			path = Presenter;
			sourceTree = "<group>";
		};
		8A1AD377291404B200312DD8 /* Interactor */ = {
			isa = PBXGroup;
			children = (
			);
			path = Interactor;
			sourceTree = "<group>";
		};
		8A1AD378291404BE00312DD8 /* View */ = {
			isa = PBXGroup;
			children = (
			);
			path = View;
			sourceTree = "<group>";
		};
		8A1AD379291404C300312DD8 /* Presenter */ = {
			isa = PBXGroup;
			children = (
			);
			path = Presenter;
			sourceTree = "<group>";
		};
		8A1AD37A291404CA00312DD8 /* Interactor */ = {
			isa = PBXGroup;
			children = (
			);
			path = Interactor;
			sourceTree = "<group>";
		};
		8A1AD38429140F2E00312DD8 /* Interactor */ = {
			isa = PBXGroup;
			children = (
				8A1AD3822914061F00312DD8 /* AddModifyOneGuestInteractor.swift */,
			);
			path = Interactor;
			sourceTree = "<group>";
		};
		8A1AD38529140F3700312DD8 /* Presenter */ = {
			isa = PBXGroup;
			children = (
				8A1AD3802914061200312DD8 /* AddModifyOneGuestPresenter.swift */,
			);
			path = Presenter;
			sourceTree = "<group>";
		};
		8A1AD38629140F4000312DD8 /* View */ = {
			isa = PBXGroup;
			children = (
				8A4F444C2914159400594A3C /* AddModifyGuestViewController.swift */,
				8A4F444D2914159400594A3C /* AddModifyGuestViewController.xib */,
			);
			path = View;
			sourceTree = "<group>";
		};
		8A54CE29290C176900ADAB45 /* UserEntity */ = {
			isa = PBXGroup;
			children = (
				8A54CE2A290C177900ADAB45 /* UserEntity.swift */,
				8A54CE2D290C3E2F00ADAB45 /* SupportingUserEntity.swift */,
			);
			path = UserEntity;
			sourceTree = "<group>";
		};
		8A7E92FC29074BCF005E5B33 /* GoogleSpreadsheets layer */ = {
			isa = PBXGroup;
			children = (
				8A7E9308290AC2AB005E5B33 /* GoogleSpreadsheetsService.swift */,
			);
			path = "GoogleSpreadsheets layer";
			sourceTree = "<group>";
		};
		8A7E92FD29074BEF005E5B33 /* Database layer */ = {
			isa = PBXGroup;
			children = (
				8A5AFE37291E93F500449C51 /* FirebaseDatabaseSemaphore.swift */,
				8A54CE33290C894F00ADAB45 /* FirebaseDatabaseService.swift */,
				8A54CE31290C893D00ADAB45 /* RealmService.swift */,
			);
			path = "Database layer";
			sourceTree = "<group>";
		};
		8ACB2D32291447AC009AE476 /* Alerts factory */ = {
			isa = PBXGroup;
			children = (
				8ACB2D33291447BC009AE476 /* AlertsFactory.swift */,
			);
			path = "Alerts factory";
			sourceTree = "<group>";
		};
		8AE77638291019770048584C /* Application */ = {
			isa = PBXGroup;
			children = (
				8AF83E8E2906655100614257 /* AppDelegate.swift */,
				8AF83E902906655100614257 /* SceneDelegate.swift */,
				8AF83ED12906712600614257 /* Router.swift */,
				8AF83ED32906713D00614257 /* AssemblyModuleBuilder.swift */,
				8A0E9B9429102CFE00DBF883 /* Entities */,
				8AF83EA629066B8700614257 /* Appearance */,
				8AF83EAF29066C2E00614257 /* Supporting files */,
			);
			path = Application;
			sourceTree = "<group>";
		};
		8AE77639291019E10048584C /* Services */ = {
			isa = PBXGroup;
			children = (
				8ACB2D32291447AC009AE476 /* Alerts factory */,
				8A7E92FD29074BEF005E5B33 /* Database layer */,
				8A7E92FC29074BCF005E5B33 /* GoogleSpreadsheets layer */,
				8AF83EB129066CF000614257 /* Registration & Login layer */,
				8AF83EB029066CE900614257 /* Network layer */,
			);
			path = Services;
			sourceTree = "<group>";
		};
		8AF83E822906655100614257 = {
			isa = PBXGroup;
			children = (
				8AF83E8D2906655100614257 /* Guest list synch with desktop */,
				8AF83E8C2906655100614257 /* Products */,
				96501F6EED8BA2CE67A7071B /* Pods */,
				BC432582ECE1759BF0AC0B9B /* Frameworks */,
			);
			sourceTree = "<group>";
		};
		8AF83E8C2906655100614257 /* Products */ = {
			isa = PBXGroup;
			children = (
				8AF83E8B2906655100614257 /* Guest list synch with desktop.app */,
			);
			name = Products;
			sourceTree = "<group>";
		};
		8AF83E8D2906655100614257 /* Guest list synch with desktop */ = {
			isa = PBXGroup;
			children = (
				8AE77638291019770048584C /* Application */,
				8A0E9B4629101D7C00DBF883 /* Modules */,
				8AE77639291019E10048584C /* Services */,
				8AF83E9C2906655300614257 /* Info.plist */,
			);
			path = "Guest list synch with desktop";
			sourceTree = "<group>";
		};
		8AF83EA629066B8700614257 /* Appearance */ = {
			isa = PBXGroup;
			children = (
				8AF83EA729066B9E00614257 /* Appearance.swift */,
				8AF83EAB29066BC700614257 /* Helvetica Bold.ttf */,
				8AF83EAD29066BCE00614257 /* LD Grotesk Condensed Ultra Light Oblique.ttf */,
				8AF83EA929066BBC00614257 /* LD Grotesk Condensed Bold.ttf */,
				8AF83E972906655300614257 /* Assets.xcassets */,
			);
			path = Appearance;
			sourceTree = "<group>";
		};
		8AF83EAF29066C2E00614257 /* Supporting files */ = {
			isa = PBXGroup;
			children = (
				8AF83E942906655100614257 /* Main.storyboard */,
				8AF83E992906655300614257 /* LaunchScreen.storyboard */,
			);
			path = "Supporting files";
			sourceTree = "<group>";
		};
		8AF83EB029066CE900614257 /* Network layer */ = {
			isa = PBXGroup;
			children = (
				8AF83EB229066D0400614257 /* NetworkService.swift */,
			);
			path = "Network layer";
			sourceTree = "<group>";
		};
		8AF83EB129066CF000614257 /* Registration & Login layer */ = {
			isa = PBXGroup;
			children = (
				8AF83EA22906666300614257 /* GoogleService-Info.plist */,
				8AF83EB429066D1700614257 /* FirebaseService.swift */,
			);
			path = "Registration & Login layer";
			sourceTree = "<group>";
		};
		96501F6EED8BA2CE67A7071B /* Pods */ = {
			isa = PBXGroup;
			children = (
				602EC839998C20EACDDCA890 /* Pods-Guest list synch with desktop.debug.xcconfig */,
				D5342747FC15514447282D14 /* Pods-Guest list synch with desktop.release.xcconfig */,
			);
			path = Pods;
			sourceTree = "<group>";
		};
		BC432582ECE1759BF0AC0B9B /* Frameworks */ = {
			isa = PBXGroup;
			children = (
				D52A021128A9EC9AE584241D /* Pods_Guest_list_synch_with_desktop.framework */,
			);
			name = Frameworks;
			sourceTree = "<group>";
		};
/* End PBXGroup section */

/* Begin PBXNativeTarget section */
		8AF83E8A2906655100614257 /* Guest list synch with desktop */ = {
			isa = PBXNativeTarget;
			buildConfigurationList = 8AF83E9F2906655300614257 /* Build configuration list for PBXNativeTarget "Guest list synch with desktop" */;
			buildPhases = (
				AC0016EE6154241DD2A61882 /* [CP] Check Pods Manifest.lock */,
				8AF83E872906655100614257 /* Sources */,
				8AF83E882906655100614257 /* Frameworks */,
				8AF83E892906655100614257 /* Resources */,
				6B03C8F33748847FEF864F49 /* [CP] Embed Pods Frameworks */,
			);
			buildRules = (
			);
			dependencies = (
			);
			name = "Guest list synch with desktop";
			packageProductDependencies = (
				8A7E93062907F78B005E5B33 /* BottomSheet */,
			);
			productName = "Guest list synch with desktop";
			productReference = 8AF83E8B2906655100614257 /* Guest list synch with desktop.app */;
			productType = "com.apple.product-type.application";
		};
/* End PBXNativeTarget section */

/* Begin PBXProject section */
		8AF83E832906655100614257 /* Project object */ = {
			isa = PBXProject;
			attributes = {
				BuildIndependentTargetsInParallel = 1;
				LastSwiftUpdateCheck = 1400;
				LastUpgradeCheck = 1400;
				TargetAttributes = {
					8AF83E8A2906655100614257 = {
						CreatedOnToolsVersion = 14.0.1;
					};
				};
			};
			buildConfigurationList = 8AF83E862906655100614257 /* Build configuration list for PBXProject "Guest list synch with desktop" */;
			compatibilityVersion = "Xcode 14.0";
			developmentRegion = en;
			hasScannedForEncodings = 0;
			knownRegions = (
				en,
				Base,
			);
			mainGroup = 8AF83E822906655100614257;
			packageReferences = (
				8A7E93052907F78B005E5B33 /* XCRemoteSwiftPackageReference "BottomSheet" */,
			);
			productRefGroup = 8AF83E8C2906655100614257 /* Products */;
			projectDirPath = "";
			projectRoot = "";
			targets = (
				8AF83E8A2906655100614257 /* Guest list synch with desktop */,
			);
		};
/* End PBXProject section */

/* Begin PBXResourcesBuildPhase section */
		8AF83E892906655100614257 /* Resources */ = {
			isa = PBXResourcesBuildPhase;
			buildActionMask = 2147483647;
			files = (
				8AF83E9B2906655300614257 /* LaunchScreen.storyboard in Resources */,
				8AF83EAA29066BBC00614257 /* LD Grotesk Condensed Bold.ttf in Resources */,
				8A4F444F2914159400594A3C /* AddModifyGuestViewController.xib in Resources */,
				8AF83EA32906666400614257 /* GoogleService-Info.plist in Resources */,
				8AF83E982906655300614257 /* Assets.xcassets in Resources */,
				8AF83EAC29066BC700614257 /* Helvetica Bold.ttf in Resources */,
				8AF83E962906655100614257 /* Main.storyboard in Resources */,
				8AF83EAE29066BCE00614257 /* LD Grotesk Condensed Ultra Light Oblique.ttf in Resources */,
			);
			runOnlyForDeploymentPostprocessing = 0;
		};
/* End PBXResourcesBuildPhase section */

/* Begin PBXShellScriptBuildPhase section */
		6B03C8F33748847FEF864F49 /* [CP] Embed Pods Frameworks */ = {
			isa = PBXShellScriptBuildPhase;
			buildActionMask = 2147483647;
			files = (
			);
			inputFileListPaths = (
				"${PODS_ROOT}/Target Support Files/Pods-Guest list synch with desktop/Pods-Guest list synch with desktop-frameworks-${CONFIGURATION}-input-files.xcfilelist",
			);
			name = "[CP] Embed Pods Frameworks";
			outputFileListPaths = (
				"${PODS_ROOT}/Target Support Files/Pods-Guest list synch with desktop/Pods-Guest list synch with desktop-frameworks-${CONFIGURATION}-output-files.xcfilelist",
			);
			runOnlyForDeploymentPostprocessing = 0;
			shellPath = /bin/sh;
			shellScript = "\"${PODS_ROOT}/Target Support Files/Pods-Guest list synch with desktop/Pods-Guest list synch with desktop-frameworks.sh\"\n";
			showEnvVarsInLog = 0;
		};
		AC0016EE6154241DD2A61882 /* [CP] Check Pods Manifest.lock */ = {
			isa = PBXShellScriptBuildPhase;
			buildActionMask = 2147483647;
			files = (
			);
			inputFileListPaths = (
			);
			inputPaths = (
				"${PODS_PODFILE_DIR_PATH}/Podfile.lock",
				"${PODS_ROOT}/Manifest.lock",
			);
			name = "[CP] Check Pods Manifest.lock";
			outputFileListPaths = (
			);
			outputPaths = (
				"$(DERIVED_FILE_DIR)/Pods-Guest list synch with desktop-checkManifestLockResult.txt",
			);
			runOnlyForDeploymentPostprocessing = 0;
			shellPath = /bin/sh;
			shellScript = "diff \"${PODS_PODFILE_DIR_PATH}/Podfile.lock\" \"${PODS_ROOT}/Manifest.lock\" > /dev/null\nif [ $? != 0 ] ; then\n    # print error to STDERR\n    echo \"error: The sandbox is not in sync with the Podfile.lock. Run 'pod install' or update your CocoaPods installation.\" >&2\n    exit 1\nfi\n# This output is used by Xcode 'outputs' to avoid re-running this script phase.\necho \"SUCCESS\" > \"${SCRIPT_OUTPUT_FILE_0}\"\n";
			showEnvVarsInLog = 0;
		};
/* End PBXShellScriptBuildPhase section */

/* Begin PBXSourcesBuildPhase section */
		8AF83E872906655100614257 /* Sources */ = {
			isa = PBXSourcesBuildPhase;
			buildActionMask = 2147483647;
			files = (
				8A5AFE38291E93F500449C51 /* FirebaseDatabaseSemaphore.swift in Sources */,
				8A0E9B7329101F9700DBF883 /* AuthPresenter.swift in Sources */,
				8AF83E8F2906655100614257 /* AppDelegate.swift in Sources */,
				8AF83E912906655100614257 /* SceneDelegate.swift in Sources */,
				8A4F444E2914159400594A3C /* AddModifyGuestViewController.swift in Sources */,
				8A0E9B8729101FEF00DBF883 /* EventTableViewCell.swift in Sources */,
				8A0E9B7B29101FA000DBF883 /* PasswordModalView.swift in Sources */,
				8A0E9B8329101FE800DBF883 /* EventsListPresenter.swift in Sources */,
				8A0E9B8E2910210200DBF883 /* ProfileViewController.swift in Sources */,
				8AC4BEF9291946C1005A6B1E /* FinishFbGRegistrationModalView.swift in Sources */,
				8A0E9B6F29101F7900DBF883 /* AuthenticationSemaphore.swift in Sources */,
				8AF83EA829066B9E00614257 /* Appearance.swift in Sources */,
				8A0E9B922910214200DBF883 /* ProfileInteractor.swift in Sources */,
				8A0E9B892910200300DBF883 /* GuestEntity.swift in Sources */,
				8A0E9B902910212800DBF883 /* ProfilePresenter.swift in Sources */,
				8A0E9B9B2911985D00DBF883 /* GuestlistPresenter.swift in Sources */,
				8A0E9B8129101FE100DBF883 /* EventsListInteractor.swift in Sources */,
				8AF83ED22906712600614257 /* Router.swift in Sources */,
				8A0E9B7129101F8200DBF883 /* AuthInteractor.swift in Sources */,
				8AF83ED42906713D00614257 /* AssemblyModuleBuilder.swift in Sources */,
				8A0E9B7829101FA000DBF883 /* AuthViewController.swift in Sources */,
				8ACB2D34291447BC009AE476 /* AlertsFactory.swift in Sources */,
				8A0E9B9F2912A05B00DBF883 /* GuestTableViewCell.swift in Sources */,
				8AF83EB329066D0400614257 /* NetworkService.swift in Sources */,
				8A0E9B9D2911986F00DBF883 /* GuestlistInteractor.swift in Sources */,
				8A0E9B7929101FA000DBF883 /* SignInModalView.swift in Sources */,
				8AF83EB529066D1700614257 /* FirebaseService.swift in Sources */,
				8A54CE32290C893D00ADAB45 /* RealmService.swift in Sources */,
				8A0E9B7A29101FA000DBF883 /* FirebaseRegistrationModalView.swift in Sources */,
				8A54CE34290C894F00ADAB45 /* FirebaseDatabaseService.swift in Sources */,
				8A1AD3812914061200312DD8 /* AddModifyOneGuestPresenter.swift in Sources */,
				8A0E9B7F29101FDA00DBF883 /* EventEntity.swift in Sources */,
				8A54CE2B290C177900ADAB45 /* UserEntity.swift in Sources */,
				8A1AD3832914061F00312DD8 /* AddModifyOneGuestInteractor.swift in Sources */,
				8A0E9B992911983E00DBF883 /* GuestlistViewController.swift in Sources */,
				8A0E9B8629101FEF00DBF883 /* EventsListViewController.swift in Sources */,
				8A54CE2E290C3E2F00ADAB45 /* SupportingUserEntity.swift in Sources */,
				8A7E9309290AC2AB005E5B33 /* GoogleSpreadsheetsService.swift in Sources */,
			);
			runOnlyForDeploymentPostprocessing = 0;
		};
/* End PBXSourcesBuildPhase section */

/* Begin PBXVariantGroup section */
		8AF83E942906655100614257 /* Main.storyboard */ = {
			isa = PBXVariantGroup;
			children = (
				8AF83E952906655100614257 /* Base */,
			);
			name = Main.storyboard;
			sourceTree = "<group>";
		};
		8AF83E992906655300614257 /* LaunchScreen.storyboard */ = {
			isa = PBXVariantGroup;
			children = (
				8AF83E9A2906655300614257 /* Base */,
			);
			name = LaunchScreen.storyboard;
			sourceTree = "<group>";
		};
/* End PBXVariantGroup section */

/* Begin XCBuildConfiguration section */
		8AF83E9D2906655300614257 /* Debug */ = {
			isa = XCBuildConfiguration;
			buildSettings = {
				ALWAYS_SEARCH_USER_PATHS = NO;
				CLANG_ANALYZER_NONNULL = YES;
				CLANG_ANALYZER_NUMBER_OBJECT_CONVERSION = YES_AGGRESSIVE;
				CLANG_CXX_LANGUAGE_STANDARD = "gnu++20";
				CLANG_ENABLE_MODULES = YES;
				CLANG_ENABLE_OBJC_ARC = YES;
				CLANG_ENABLE_OBJC_WEAK = YES;
				CLANG_WARN_BLOCK_CAPTURE_AUTORELEASING = YES;
				CLANG_WARN_BOOL_CONVERSION = YES;
				CLANG_WARN_COMMA = YES;
				CLANG_WARN_CONSTANT_CONVERSION = YES;
				CLANG_WARN_DEPRECATED_OBJC_IMPLEMENTATIONS = YES;
				CLANG_WARN_DIRECT_OBJC_ISA_USAGE = YES_ERROR;
				CLANG_WARN_DOCUMENTATION_COMMENTS = YES;
				CLANG_WARN_EMPTY_BODY = YES;
				CLANG_WARN_ENUM_CONVERSION = YES;
				CLANG_WARN_INFINITE_RECURSION = YES;
				CLANG_WARN_INT_CONVERSION = YES;
				CLANG_WARN_NON_LITERAL_NULL_CONVERSION = YES;
				CLANG_WARN_OBJC_IMPLICIT_RETAIN_SELF = YES;
				CLANG_WARN_OBJC_LITERAL_CONVERSION = YES;
				CLANG_WARN_OBJC_ROOT_CLASS = YES_ERROR;
				CLANG_WARN_QUOTED_INCLUDE_IN_FRAMEWORK_HEADER = YES;
				CLANG_WARN_RANGE_LOOP_ANALYSIS = YES;
				CLANG_WARN_STRICT_PROTOTYPES = YES;
				CLANG_WARN_SUSPICIOUS_MOVE = YES;
				CLANG_WARN_UNGUARDED_AVAILABILITY = YES_AGGRESSIVE;
				CLANG_WARN_UNREACHABLE_CODE = YES;
				CLANG_WARN__DUPLICATE_METHOD_MATCH = YES;
				COPY_PHASE_STRIP = NO;
				DEBUG_INFORMATION_FORMAT = dwarf;
				ENABLE_STRICT_OBJC_MSGSEND = YES;
				ENABLE_TESTABILITY = YES;
				GCC_C_LANGUAGE_STANDARD = gnu11;
				GCC_DYNAMIC_NO_PIC = NO;
				GCC_NO_COMMON_BLOCKS = YES;
				GCC_OPTIMIZATION_LEVEL = 0;
				GCC_PREPROCESSOR_DEFINITIONS = (
					"DEBUG=1",
					"$(inherited)",
				);
				GCC_WARN_64_TO_32_BIT_CONVERSION = YES;
				GCC_WARN_ABOUT_RETURN_TYPE = YES_ERROR;
				GCC_WARN_UNDECLARED_SELECTOR = YES;
				GCC_WARN_UNINITIALIZED_AUTOS = YES_AGGRESSIVE;
				GCC_WARN_UNUSED_FUNCTION = YES;
				GCC_WARN_UNUSED_VARIABLE = YES;
				IPHONEOS_DEPLOYMENT_TARGET = 16.0;
				MTL_ENABLE_DEBUG_INFO = INCLUDE_SOURCE;
				MTL_FAST_MATH = YES;
				ONLY_ACTIVE_ARCH = YES;
				SDKROOT = iphoneos;
				SWIFT_ACTIVE_COMPILATION_CONDITIONS = DEBUG;
				SWIFT_OPTIMIZATION_LEVEL = "-Onone";
			};
			name = Debug;
		};
		8AF83E9E2906655300614257 /* Release */ = {
			isa = XCBuildConfiguration;
			buildSettings = {
				ALWAYS_SEARCH_USER_PATHS = NO;
				CLANG_ANALYZER_NONNULL = YES;
				CLANG_ANALYZER_NUMBER_OBJECT_CONVERSION = YES_AGGRESSIVE;
				CLANG_CXX_LANGUAGE_STANDARD = "gnu++20";
				CLANG_ENABLE_MODULES = YES;
				CLANG_ENABLE_OBJC_ARC = YES;
				CLANG_ENABLE_OBJC_WEAK = YES;
				CLANG_WARN_BLOCK_CAPTURE_AUTORELEASING = YES;
				CLANG_WARN_BOOL_CONVERSION = YES;
				CLANG_WARN_COMMA = YES;
				CLANG_WARN_CONSTANT_CONVERSION = YES;
				CLANG_WARN_DEPRECATED_OBJC_IMPLEMENTATIONS = YES;
				CLANG_WARN_DIRECT_OBJC_ISA_USAGE = YES_ERROR;
				CLANG_WARN_DOCUMENTATION_COMMENTS = YES;
				CLANG_WARN_EMPTY_BODY = YES;
				CLANG_WARN_ENUM_CONVERSION = YES;
				CLANG_WARN_INFINITE_RECURSION = YES;
				CLANG_WARN_INT_CONVERSION = YES;
				CLANG_WARN_NON_LITERAL_NULL_CONVERSION = YES;
				CLANG_WARN_OBJC_IMPLICIT_RETAIN_SELF = YES;
				CLANG_WARN_OBJC_LITERAL_CONVERSION = YES;
				CLANG_WARN_OBJC_ROOT_CLASS = YES_ERROR;
				CLANG_WARN_QUOTED_INCLUDE_IN_FRAMEWORK_HEADER = YES;
				CLANG_WARN_RANGE_LOOP_ANALYSIS = YES;
				CLANG_WARN_STRICT_PROTOTYPES = YES;
				CLANG_WARN_SUSPICIOUS_MOVE = YES;
				CLANG_WARN_UNGUARDED_AVAILABILITY = YES_AGGRESSIVE;
				CLANG_WARN_UNREACHABLE_CODE = YES;
				CLANG_WARN__DUPLICATE_METHOD_MATCH = YES;
				COPY_PHASE_STRIP = NO;
				DEBUG_INFORMATION_FORMAT = "dwarf-with-dsym";
				ENABLE_NS_ASSERTIONS = NO;
				ENABLE_STRICT_OBJC_MSGSEND = YES;
				GCC_C_LANGUAGE_STANDARD = gnu11;
				GCC_NO_COMMON_BLOCKS = YES;
				GCC_WARN_64_TO_32_BIT_CONVERSION = YES;
				GCC_WARN_ABOUT_RETURN_TYPE = YES_ERROR;
				GCC_WARN_UNDECLARED_SELECTOR = YES;
				GCC_WARN_UNINITIALIZED_AUTOS = YES_AGGRESSIVE;
				GCC_WARN_UNUSED_FUNCTION = YES;
				GCC_WARN_UNUSED_VARIABLE = YES;
				IPHONEOS_DEPLOYMENT_TARGET = 16.0;
				MTL_ENABLE_DEBUG_INFO = NO;
				MTL_FAST_MATH = YES;
				SDKROOT = iphoneos;
				SWIFT_COMPILATION_MODE = wholemodule;
				SWIFT_OPTIMIZATION_LEVEL = "-O";
				VALIDATE_PRODUCT = YES;
			};
			name = Release;
		};
		8AF83EA02906655300614257 /* Debug */ = {
			isa = XCBuildConfiguration;
			baseConfigurationReference = 602EC839998C20EACDDCA890 /* Pods-Guest list synch with desktop.debug.xcconfig */;
			buildSettings = {
				ASSETCATALOG_COMPILER_APPICON_NAME = AppIcon;
				ASSETCATALOG_COMPILER_GLOBAL_ACCENT_COLOR_NAME = AccentColor;
				CODE_SIGN_STYLE = Automatic;
				CURRENT_PROJECT_VERSION = 1;
				DEVELOPMENT_TEAM = G49AR2C5MH;
				GENERATE_INFOPLIST_FILE = YES;
				INFOPLIST_FILE = "Guest list synch with desktop/Info.plist";
				INFOPLIST_KEY_UIApplicationSupportsIndirectInputEvents = YES;
				INFOPLIST_KEY_UILaunchStoryboardName = LaunchScreen;
				INFOPLIST_KEY_UIMainStoryboardFile = Main;
				INFOPLIST_KEY_UISupportedInterfaceOrientations_iPad = "UIInterfaceOrientationPortrait UIInterfaceOrientationPortraitUpsideDown UIInterfaceOrientationLandscapeLeft UIInterfaceOrientationLandscapeRight";
				INFOPLIST_KEY_UISupportedInterfaceOrientations_iPhone = "UIInterfaceOrientationPortrait UIInterfaceOrientationLandscapeLeft UIInterfaceOrientationLandscapeRight";
				LD_RUNPATH_SEARCH_PATHS = (
					"$(inherited)",
					"@executable_path/Frameworks",
				);
				MARKETING_VERSION = 1.0;
				PRODUCT_BUNDLE_IDENTIFIER = "lesha.Guest-list-synch-with-desktop";
				PRODUCT_NAME = "$(TARGET_NAME)";
				SWIFT_EMIT_LOC_STRINGS = YES;
				SWIFT_VERSION = 5.0;
				TARGETED_DEVICE_FAMILY = "1,2";
			};
			name = Debug;
		};
		8AF83EA12906655300614257 /* Release */ = {
			isa = XCBuildConfiguration;
			baseConfigurationReference = D5342747FC15514447282D14 /* Pods-Guest list synch with desktop.release.xcconfig */;
			buildSettings = {
				ASSETCATALOG_COMPILER_APPICON_NAME = AppIcon;
				ASSETCATALOG_COMPILER_GLOBAL_ACCENT_COLOR_NAME = AccentColor;
				CODE_SIGN_STYLE = Automatic;
				CURRENT_PROJECT_VERSION = 1;
				DEVELOPMENT_TEAM = G49AR2C5MH;
				GENERATE_INFOPLIST_FILE = YES;
				INFOPLIST_FILE = "Guest list synch with desktop/Info.plist";
				INFOPLIST_KEY_UIApplicationSupportsIndirectInputEvents = YES;
				INFOPLIST_KEY_UILaunchStoryboardName = LaunchScreen;
				INFOPLIST_KEY_UIMainStoryboardFile = Main;
				INFOPLIST_KEY_UISupportedInterfaceOrientations_iPad = "UIInterfaceOrientationPortrait UIInterfaceOrientationPortraitUpsideDown UIInterfaceOrientationLandscapeLeft UIInterfaceOrientationLandscapeRight";
				INFOPLIST_KEY_UISupportedInterfaceOrientations_iPhone = "UIInterfaceOrientationPortrait UIInterfaceOrientationLandscapeLeft UIInterfaceOrientationLandscapeRight";
				LD_RUNPATH_SEARCH_PATHS = (
					"$(inherited)",
					"@executable_path/Frameworks",
				);
				MARKETING_VERSION = 1.0;
				PRODUCT_BUNDLE_IDENTIFIER = "lesha.Guest-list-synch-with-desktop";
				PRODUCT_NAME = "$(TARGET_NAME)";
				SWIFT_EMIT_LOC_STRINGS = YES;
				SWIFT_VERSION = 5.0;
				TARGETED_DEVICE_FAMILY = "1,2";
			};
			name = Release;
		};
/* End XCBuildConfiguration section */

/* Begin XCConfigurationList section */
		8AF83E862906655100614257 /* Build configuration list for PBXProject "Guest list synch with desktop" */ = {
			isa = XCConfigurationList;
			buildConfigurations = (
				8AF83E9D2906655300614257 /* Debug */,
				8AF83E9E2906655300614257 /* Release */,
			);
			defaultConfigurationIsVisible = 0;
			defaultConfigurationName = Release;
		};
		8AF83E9F2906655300614257 /* Build configuration list for PBXNativeTarget "Guest list synch with desktop" */ = {
			isa = XCConfigurationList;
			buildConfigurations = (
				8AF83EA02906655300614257 /* Debug */,
				8AF83EA12906655300614257 /* Release */,
			);
			defaultConfigurationIsVisible = 0;
			defaultConfigurationName = Release;
		};
/* End XCConfigurationList section */

/* Begin XCRemoteSwiftPackageReference section */
		8A7E93052907F78B005E5B33 /* XCRemoteSwiftPackageReference "BottomSheet" */ = {
			isa = XCRemoteSwiftPackageReference;
			repositoryURL = "https://github.com/joomcode/BottomSheet";
			requirement = {
				kind = upToNextMajorVersion;
				minimumVersion = 2.0.0;
			};
		};
/* End XCRemoteSwiftPackageReference section */

/* Begin XCSwiftPackageProductDependency section */
		8A7E93062907F78B005E5B33 /* BottomSheet */ = {
			isa = XCSwiftPackageProductDependency;
			package = 8A7E93052907F78B005E5B33 /* XCRemoteSwiftPackageReference "BottomSheet" */;
			productName = BottomSheet;
		};
/* End XCSwiftPackageProductDependency section */
	};
	rootObject = 8AF83E832906655100614257 /* Project object */;
}
